
Microsoft Visual Studio Solution File, Format Version 12.00
# Visual Studio Version 17
VisualStudioVersion = 17.2.32616.157
MinimumVisualStudioVersion = 10.0.40219.1
Project("{FAE04EC0-301F-11D3-BF4B-00C04F79EFBC}") = "01. Oscars ceremony", "01. Oscars ceremony\01. Oscars ceremony.csproj", "{6C8BACED-98BC-46B6-AA6C-DC1EC1ABBD9C}"
EndProject
Project("{FAE04EC0-301F-11D3-BF4B-00C04F79EFBC}") = "02. Godzilla vs. Kong", "02. Godzilla vs. Kong\02. Godzilla vs. Kong.csproj", "{5837DD84-BEA0-43EF-9351-0811299A00F3}"
EndProject
Project("{FAE04EC0-301F-11D3-BF4B-00C04F79EFBC}") = "03. OscarsWeekInCinema", "03. OscarsWeekInCinema\03. OscarsWeekInCinema.csproj", "{678958F2-7378-4B75-ADDA-42FD619E43AE}"
EndProject
Project("{FAE04EC0-301F-11D3-BF4B-00C04F79EFBC}") = "04.CinemaVoucher", "04.CinemaVoucher\04.CinemaVoucher.csproj", "{09A5A7B5-4142-4727-9AA9-167EECC2FC83}"
EndProject
Global
	GlobalSection(SolutionConfigurationPlatforms) = preSolution
		Debug|Any CPU = Debug|Any CPU
		Release|Any CPU = Release|Any CPU
	EndGlobalSection
	GlobalSection(ProjectConfigurationPlatforms) = postSolution
		{6C8BACED-98BC-46B6-AA6C-DC1EC1ABBD9C}.Debug|Any CPU.ActiveCfg = Debug|Any CPU
		{6C8BACED-98BC-46B6-AA6C-DC1EC1ABBD9C}.Debug|Any CPU.Build.0 = Debug|Any CPU
		{6C8BACED-98BC-46B6-AA6C-DC1EC1ABBD9C}.Release|Any CPU.ActiveCfg = Release|Any CPU
		{6C8BACED-98BC-46B6-AA6C-DC1EC1ABBD9C}.Release|Any CPU.Build.0 = Release|Any CPU
		{5837DD84-BEA0-43EF-9351-0811299A00F3}.Debug|Any CPU.ActiveCfg = Debug|Any CPU
		{5837DD84-BEA0-43EF-9351-0811299A00F3}.Debug|Any CPU.Build.0 = Debug|Any CPU
		{5837DD84-BEA0-43EF-9351-0811299A00F3}.Release|Any CPU.ActiveCfg = Release|Any CPU
		{5837DD84-BEA0-43EF-9351-0811299A00F3}.Release|Any CPU.Build.0 = Release|Any CPU
		{678958F2-7378-4B75-ADDA-42FD619E43AE}.Debug|Any CPU.ActiveCfg = Debug|Any CPU
		{678958F2-7378-4B75-ADDA-42FD619E43AE}.Debug|Any CPU.Build.0 = Debug|Any CPU
		{678958F2-7378-4B75-ADDA-42FD619E43AE}.Release|Any CPU.ActiveCfg = Release|Any CPU
		{678958F2-7378-4B75-ADDA-42FD619E43AE}.Release|Any CPU.Build.0 = Release|Any CPU
		{09A5A7B5-4142-4727-9AA9-167EECC2FC83}.Debug|Any CPU.ActiveCfg = Debug|Any CPU
		{09A5A7B5-4142-4727-9AA9-167EECC2FC83}.Debug|Any CPU.Build.0 = Debug|Any CPU
		{09A5A7B5-4142-4727-9AA9-167EECC2FC83}.Release|Any CPU.ActiveCfg = Release|Any CPU
		{09A5A7B5-4142-4727-9AA9-167EECC2FC83}.Release|Any CPU.Build.0 = Release|Any CPU
	EndGlobalSection
	GlobalSection(SolutionProperties) = preSolution
		HideSolutionNode = FALSE
	EndGlobalSection
	GlobalSection(ExtensibilityGlobals) = postSolution
		SolutionGuid = {468BD084-2A81-43F0-977C-C1D8BB2812C1}
	EndGlobalSection
EndGlobal
